
Microsoft Visual Studio Solution File, Format Version 12.00
# Visual Studio Version 16
VisualStudioVersion = 25.0.1704.2
MinimumVisualStudioVersion = 10.0.40219.1
Project("{FAE04EC0-301F-11D3-BF4B-00C04F79EFBC}") = "MyACTS", "MyACTS\MyACTS.csproj", "{6C2BA8CE-4B83-4BD8-B4FF-4894C49D294D}"
EndProject
Project("{2150E333-8FDC-42A3-9474-1A3956D46DE8}") = "Solution Items", "Solution Items", "{46ACB9D2-E1FE-4EC3-AC9F-FBF7E4A2E233}"
	ProjectSection(SolutionItems) = preProject
		.editorconfig = .editorconfig
		LICENCE.txt = LICENCE.txt
		README.md = README.md
	EndProjectSection
EndProject
Global
	GlobalSection(SolutionConfigurationPlatforms) = preSolution
		Debug|Any CPU = Debug|Any CPU
		Release|Any CPU = Release|Any CPU
	EndGlobalSection
	GlobalSection(ProjectConfigurationPlatforms) = postSolution
		{6C2BA8CE-4B83-4BD8-B4FF-4894C49D294D}.Debug|Any CPU.ActiveCfg = Debug|Any CPU
		{6C2BA8CE-4B83-4BD8-B4FF-4894C49D294D}.Debug|Any CPU.Build.0 = Debug|Any CPU
		{6C2BA8CE-4B83-4BD8-B4FF-4894C49D294D}.Release|Any CPU.ActiveCfg = Release|Any CPU
		{6C2BA8CE-4B83-4BD8-B4FF-4894C49D294D}.Release|Any CPU.Build.0 = Release|Any CPU
	EndGlobalSection
	GlobalSection(SolutionProperties) = preSolution
		HideSolutionNode = FALSE
	EndGlobalSection
	GlobalSection(ExtensibilityGlobals) = postSolution
		SolutionGuid = {D150CA2E-775E-46DA-8F06-24175CA00C99}
	EndGlobalSection
EndGlobal
